
Microsoft Visual Studio Solution File, Format Version 12.00
# Visual Studio 15
Project("{FAE04EC0-301F-11D3-BF4B-00C04F79EFBC}") = "UniRx", "UniRx.csproj", "{D4E33F15-2371-C93C-CD05-7A17A0D1A791}"
EndProject
Project("{FAE04EC0-301F-11D3-BF4B-00C04F79EFBC}") = "Assembly-CSharp", "Assembly-CSharp.csproj", "{169A1314-9222-F03B-A098-CD3BB01E41C8}"
EndProject
Project("{FAE04EC0-301F-11D3-BF4B-00C04F79EFBC}") = "UniRx.Examples", "UniRx.Examples.csproj", "{732B3812-9749-8898-7A6C-FF643FD996FB}"
EndProject
Project("{FAE04EC0-301F-11D3-BF4B-00C04F79EFBC}") = "Assembly-CSharp-firstpass", "Assembly-CSharp-firstpass.csproj", "{DE6F1E9C-A4AF-579B-3B07-7B2B5C2BFCD4}"
EndProject
Global
	GlobalSection(SolutionConfigurationPlatforms) = preSolution
		Debug|Any CPU = Debug|Any CPU
		Release|Any CPU = Release|Any CPU
	EndGlobalSection
	GlobalSection(ProjectConfigurationPlatforms) = postSolution
		{D4E33F15-2371-C93C-CD05-7A17A0D1A791}.Debug|Any CPU.ActiveCfg = Debug|Any CPU
		{D4E33F15-2371-C93C-CD05-7A17A0D1A791}.Debug|Any CPU.Build.0 = Debug|Any CPU
		{D4E33F15-2371-C93C-CD05-7A17A0D1A791}.Release|Any CPU.ActiveCfg = Release|Any CPU
		{D4E33F15-2371-C93C-CD05-7A17A0D1A791}.Release|Any CPU.Build.0 = Release|Any CPU
		{169A1314-9222-F03B-A098-CD3BB01E41C8}.Debug|Any CPU.ActiveCfg = Debug|Any CPU
		{169A1314-9222-F03B-A098-CD3BB01E41C8}.Debug|Any CPU.Build.0 = Debug|Any CPU
		{169A1314-9222-F03B-A098-CD3BB01E41C8}.Release|Any CPU.ActiveCfg = Release|Any CPU
		{169A1314-9222-F03B-A098-CD3BB01E41C8}.Release|Any CPU.Build.0 = Release|Any CPU
		{732B3812-9749-8898-7A6C-FF643FD996FB}.Debug|Any CPU.ActiveCfg = Debug|Any CPU
		{732B3812-9749-8898-7A6C-FF643FD996FB}.Debug|Any CPU.Build.0 = Debug|Any CPU
		{732B3812-9749-8898-7A6C-FF643FD996FB}.Release|Any CPU.ActiveCfg = Release|Any CPU
		{732B3812-9749-8898-7A6C-FF643FD996FB}.Release|Any CPU.Build.0 = Release|Any CPU
		{DE6F1E9C-A4AF-579B-3B07-7B2B5C2BFCD4}.Debug|Any CPU.ActiveCfg = Debug|Any CPU
		{DE6F1E9C-A4AF-579B-3B07-7B2B5C2BFCD4}.Debug|Any CPU.Build.0 = Debug|Any CPU
		{DE6F1E9C-A4AF-579B-3B07-7B2B5C2BFCD4}.Release|Any CPU.ActiveCfg = Release|Any CPU
		{DE6F1E9C-A4AF-579B-3B07-7B2B5C2BFCD4}.Release|Any CPU.Build.0 = Release|Any CPU
	EndGlobalSection
	GlobalSection(SolutionProperties) = preSolution
		HideSolutionNode = FALSE
	EndGlobalSection
EndGlobal
